// !$*UTF8*$!
{
	archiveVersion = 1;
	classes = {
	};
	objectVersion = 46;
	objects = {

/* Begin PBXBuildFile section */
		DEA3D8A91C6E721B000A718F /* AppDelegate.swift in Sources */ = {isa = PBXBuildFile; fileRef = DEA3D8A81C6E721B000A718F /* AppDelegate.swift */; };
		DEA3D8AB1C6E721B000A718F /* ViewController.swift in Sources */ = {isa = PBXBuildFile; fileRef = DEA3D8AA1C6E721B000A718F /* ViewController.swift */; };
		DEA3D8AE1C6E721B000A718F /* Main.storyboard in Resources */ = {isa = PBXBuildFile; fileRef = DEA3D8AC1C6E721B000A718F /* Main.storyboard */; };
		DEA3D8B01C6E721B000A718F /* Assets.xcassets in Resources */ = {isa = PBXBuildFile; fileRef = DEA3D8AF1C6E721B000A718F /* Assets.xcassets */; };
		DEA3D8B31C6E721B000A718F /* LaunchScreen.storyboard in Resources */ = {isa = PBXBuildFile; fileRef = DEA3D8B11C6E721B000A718F /* LaunchScreen.storyboard */; };
		DEA3D8BE1C6E721B000A718F /* testTests.swift in Sources */ = {isa = PBXBuildFile; fileRef = DEA3D8BD1C6E721B000A718F /* testTests.swift */; };
		DEA3D8C91C6E721B000A718F /* testUITests.swift in Sources */ = {isa = PBXBuildFile; fileRef = DEA3D8C81C6E721B000A718F /* testUITests.swift */; };
/* End PBXBuildFile section */

/* Begin PBXContainerItemProxy section */
		DEA3D8BA1C6E721B000A718F /* PBXContainerItemProxy */ = {
			isa = PBXContainerItemProxy;
			containerPortal = DEA3D89D1C6E721B000A718F /* Project object */;
			proxyType = 1;
			remoteGlobalIDString = DEA3D8A41C6E721B000A718F;
			remoteInfo = test;
		};
		DEA3D8C51C6E721B000A718F /* PBXContainerItemProxy */ = {
			isa = PBXContainerItemProxy;
			containerPortal = DEA3D89D1C6E721B000A718F /* Project object */;
			proxyType = 1;
			remoteGlobalIDString = DEA3D8A41C6E721B000A718F;
			remoteInfo = test;
		};
/* End PBXContainerItemProxy section */

/* Begin PBXFileReference section */
		DEA3D8A51C6E721B000A718F /* test.app */ = {isa = PBXFileReference; explicitFileType = wrapper.application; includeInIndex = 0; path = test.app; sourceTree = BUILT_PRODUCTS_DIR; };
		DEA3D8A81C6E721B000A718F /* AppDelegate.swift */ = {isa = PBXFileReference; lastKnownFileType = sourcecode.swift; path = AppDelegate.swift; sourceTree = "<group>"; };
		DEA3D8AA1C6E721B000A718F /* ViewController.swift */ = {isa = PBXFileReference; lastKnownFileType = sourcecode.swift; path = ViewController.swift; sourceTree = "<group>"; };
		DEA3D8AD1C6E721B000A718F /* Base */ = {isa = PBXFileReference; lastKnownFileType = file.storyboard; name = Base; path = Base.lproj/Main.storyboard; sourceTree = "<group>"; };
		DEA3D8AF1C6E721B000A718F /* Assets.xcassets */ = {isa = PBXFileReference; lastKnownFileType = folder.assetcatalog; path = Assets.xcassets; sourceTree = "<group>"; };
		DEA3D8B21C6E721B000A718F /* Base */ = {isa = PBXFileReference; lastKnownFileType = file.storyboard; name = Base; path = Base.lproj/LaunchScreen.storyboard; sourceTree = "<group>"; };
		DEA3D8B41C6E721B000A718F /* Info.plist */ = {isa = PBXFileReference; lastKnownFileType = text.plist.xml; path = Info.plist; sourceTree = "<group>"; };
		DEA3D8B91C6E721B000A718F /* testTests.xctest */ = {isa = PBXFileReference; explicitFileType = wrapper.cfbundle; includeInIndex = 0; path = testTests.xctest; sourceTree = BUILT_PRODUCTS_DIR; };
		DEA3D8BD1C6E721B000A718F /* testTests.swift */ = {isa = PBXFileReference; lastKnownFileType = sourcecode.swift; path = testTests.swift; sourceTree = "<group>"; };
		DEA3D8BF1C6E721B000A718F /* Info.plist */ = {isa = PBXFileReference; lastKnownFileType = text.plist.xml; path = Info.plist; sourceTree = "<group>"; };
		DEA3D8C41C6E721B000A718F /* testUITests.xctest */ = {isa = PBXFileReference; explicitFileType = wrapper.cfbundle; includeInIndex = 0; path = testUITests.xctest; sourceTree = BUILT_PRODUCTS_DIR; };
		DEA3D8C81C6E721B000A718F /* testUITests.swift */ = {isa = PBXFileReference; lastKnownFileType = sourcecode.swift; path = testUITests.swift; sourceTree = "<group>"; };
		DEA3D8CA1C6E721B000A718F /* Info.plist */ = {isa = PBXFileReference; lastKnownFileType = text.plist.xml; path = Info.plist; sourceTree = "<group>"; };
/* End PBXFileReference section */

/* Begin PBXFrameworksBuildPhase section */
		DEA3D8A21C6E721B000A718F /* Frameworks */ = {
			isa = PBXFrameworksBuildPhase;
			buildActionMask = 2147483647;
			files = (
			);
			runOnlyForDeploymentPostprocessing = 0;
		};
		DEA3D8B61C6E721B000A718F /* Frameworks */ = {
			isa = PBXFrameworksBuildPhase;
			buildActionMask = 2147483647;
			files = (
			);
			runOnlyForDeploymentPostprocessing = 0;
		};
		DEA3D8C11C6E721B000A718F /* Frameworks */ = {
			isa = PBXFrameworksBuildPhase;
			buildActionMask = 2147483647;
			files = (
			);
			runOnlyForDeploymentPostprocessing = 0;
		};
/* End PBXFrameworksBuildPhase section */

/* Begin PBXGroup section */
		DEA3D89C1C6E721B000A718F = {
			isa = PBXGroup;
			children = (
				DEA3D8A71C6E721B000A718F /* test */,
				DEA3D8BC1C6E721B000A718F /* testTests */,
				DEA3D8C71C6E721B000A718F /* testUITests */,
				DEA3D8A61C6E721B000A718F /* Products */,
			);
			sourceTree = "<group>";
		};
		DEA3D8A61C6E721B000A718F /* Products */ = {
			isa = PBXGroup;
			children = (
				DEA3D8A51C6E721B000A718F /* test.app */,
				DEA3D8B91C6E721B000A718F /* testTests.xctest */,
				DEA3D8C41C6E721B000A718F /* testUITests.xctest */,
			);
			name = Products;
			sourceTree = "<group>";
		};
		DEA3D8A71C6E721B000A718F /* test */ = {
			isa = PBXGroup;
			children = (
				DEA3D8A81C6E721B000A718F /* AppDelegate.swift */,
				DEA3D8AA1C6E721B000A718F /* ViewController.swift */,
				DEA3D8AC1C6E721B000A718F /* Main.storyboard */,
				DEA3D8AF1C6E721B000A718F /* Assets.xcassets */,
				DEA3D8B11C6E721B000A718F /* LaunchScreen.storyboard */,
				DEA3D8B41C6E721B000A718F /* Info.plist */,
			);
			path = test;
			sourceTree = "<group>";
		};
		DEA3D8BC1C6E721B000A718F /* testTests */ = {
			isa = PBXGroup;
			children = (
				DEA3D8BD1C6E721B000A718F /* testTests.swift */,
				DEA3D8BF1C6E721B000A718F /* Info.plist */,
			);
			path = testTests;
			sourceTree = "<group>";
		};
		DEA3D8C71C6E721B000A718F /* testUITests */ = {
			isa = PBXGroup;
			children = (
				DEA3D8C81C6E721B000A718F /* testUITests.swift */,
				DEA3D8CA1C6E721B000A718F /* Info.plist */,
			);
			path = testUITests;
			sourceTree = "<group>";
		};
/* End PBXGroup section */

/* Begin PBXNativeTarget section */
		DEA3D8A41C6E721B000A718F /* test */ = {
			isa = PBXNativeTarget;
			buildConfigurationList = DEA3D8CD1C6E721B000A718F /* Build configuration list for PBXNativeTarget "test" */;
			buildPhases = (
				DEA3D8A11C6E721B000A718F /* Sources */,
				DEA3D8A21C6E721B000A718F /* Frameworks */,
				DEA3D8A31C6E721B000A718F /* Resources */,
			);
			buildRules = (
			);
			dependencies = (
			);
			name = test;
			productName = test;
			productReference = DEA3D8A51C6E721B000A718F /* test.app */;
			productType = "com.apple.product-type.application";
		};
		DEA3D8B81C6E721B000A718F /* testTests */ = {
			isa = PBXNativeTarget;
			buildConfigurationList = DEA3D8D01C6E721B000A718F /* Build configuration list for PBXNativeTarget "testTests" */;
			buildPhases = (
				DEA3D8B51C6E721B000A718F /* Sources */,
				DEA3D8B61C6E721B000A718F /* Frameworks */,
				DEA3D8B71C6E721B000A718F /* Resources */,
			);
			buildRules = (
			);
			dependencies = (
				DEA3D8BB1C6E721B000A718F /* PBXTargetDependency */,
			);
			name = testTests;
			productName = testTests;
			productReference = DEA3D8B91C6E721B000A718F /* testTests.xctest */;
			productType = "com.apple.product-type.bundle.unit-test";
		};
		DEA3D8C31C6E721B000A718F /* testUITests */ = {
			isa = PBXNativeTarget;
			buildConfigurationList = DEA3D8D31C6E721B000A718F /* Build configuration list for PBXNativeTarget "testUITests" */;
			buildPhases = (
				DEA3D8C01C6E721B000A718F /* Sources */,
				DEA3D8C11C6E721B000A718F /* Frameworks */,
				DEA3D8C21C6E721B000A718F /* Resources */,
			);
			buildRules = (
			);
			dependencies = (
				DEA3D8C61C6E721B000A718F /* PBXTargetDependency */,
			);
			name = testUITests;
			productName = testUITests;
			productReference = DEA3D8C41C6E721B000A718F /* testUITests.xctest */;
			productType = "com.apple.product-type.bundle.ui-testing";
		};
/* End PBXNativeTarget section */

/* Begin PBXProject section */
		DEA3D89D1C6E721B000A718F /* Project object */ = {
			isa = PBXProject;
			attributes = {
				LastSwiftUpdateCheck = 0720;
				LastUpgradeCheck = 0720;
				ORGANIZATIONNAME = ruihuang;
				TargetAttributes = {
					DEA3D8A41C6E721B000A718F = {
						CreatedOnToolsVersion = 7.2;
					};
					DEA3D8B81C6E721B000A718F = {
						CreatedOnToolsVersion = 7.2;
						TestTargetID = DEA3D8A41C6E721B000A718F;
					};
					DEA3D8C31C6E721B000A718F = {
						CreatedOnToolsVersion = 7.2;
						TestTargetID = DEA3D8A41C6E721B000A718F;
					};
				};
			};
			buildConfigurationList = DEA3D8A01C6E721B000A718F /* Build configuration list for PBXProject "test" */;
			compatibilityVersion = "Xcode 3.2";
			developmentRegion = English;
			hasScannedForEncodings = 0;
			knownRegions = (
				en,
				Base,
			);
			mainGroup = DEA3D89C1C6E721B000A718F;
			productRefGroup = DEA3D8A61C6E721B000A718F /* Products */;
			projectDirPath = "";
			projectRoot = "";
			targets = (
				DEA3D8A41C6E721B000A718F /* test */,
				DEA3D8B81C6E721B000A718F /* testTests */,
				DEA3D8C31C6E721B000A718F /* testUITests */,
			);
		};
/* End PBXProject section */

/* Begin PBXResourcesBuildPhase section */
		DEA3D8A31C6E721B000A718F /* Resources */ = {
			isa = PBXResourcesBuildPhase;
			buildActionMask = 2147483647;
			files = (
				DEA3D8B31C6E721B000A718F /* LaunchScreen.storyboard in Resources */,
				DEA3D8B01C6E721B000A718F /* Assets.xcassets in Resources */,
				DEA3D8AE1C6E721B000A718F /* Main.storyboard in Resources */,
			);
			runOnlyForDeploymentPostprocessing = 0;
		};
		DEA3D8B71C6E721B000A718F /* Resources */ = {
			isa = PBXResourcesBuildPhase;
			buildActionMask = 2147483647;
			files = (
			);
			runOnlyForDeploymentPostprocessing = 0;
		};
		DEA3D8C21C6E721B000A718F /* Resources */ = {
			isa = PBXResourcesBuildPhase;
			buildActionMask = 2147483647;
			files = (
			);
			runOnlyForDeploymentPostprocessing = 0;
		};
/* End PBXResourcesBuildPhase section */

/* Begin PBXSourcesBuildPhase section */
		DEA3D8A11C6E721B000A718F /* Sources */ = {
			isa = PBXSourcesBuildPhase;
			buildActionMask = 2147483647;
			files = (
				DEA3D8AB1C6E721B000A718F /* ViewController.swift in Sources */,
				DEA3D8A91C6E721B000A718F /* AppDelegate.swift in Sources */,
			);
			runOnlyForDeploymentPostprocessing = 0;
		};
		DEA3D8B51C6E721B000A718F /* Sources */ = {
			isa = PBXSourcesBuildPhase;
			buildActionMask = 2147483647;
			files = (
				DEA3D8BE1C6E721B000A718F /* testTests.swift in Sources */,
			);
			runOnlyForDeploymentPostprocessing = 0;
		};
		DEA3D8C01C6E721B000A718F /* Sources */ = {
			isa = PBXSourcesBuildPhase;
			buildActionMask = 2147483647;
			files = (
				DEA3D8C91C6E721B000A718F /* testUITests.swift in Sources */,
			);
			runOnlyForDeploymentPostprocessing = 0;
		};
/* End PBXSourcesBuildPhase section */

/* Begin PBXTargetDependency section */
		DEA3D8BB1C6E721B000A718F /* PBXTargetDependency */ = {
			isa = PBXTargetDependency;
			target = DEA3D8A41C6E721B000A718F /* test */;
			targetProxy = DEA3D8BA1C6E721B000A718F /* PBXContainerItemProxy */;
		};
		DEA3D8C61C6E721B000A718F /* PBXTargetDependency */ = {
			isa = PBXTargetDependency;
			target = DEA3D8A41C6E721B000A718F /* test */;
			targetProxy = DEA3D8C51C6E721B000A718F /* PBXContainerItemProxy */;
		};
/* End PBXTargetDependency section */

/* Begin PBXVariantGroup section */
		DEA3D8AC1C6E721B000A718F /* Main.storyboard */ = {
			isa = PBXVariantGroup;
			children = (
				DEA3D8AD1C6E721B000A718F /* Base */,
			);
			name = Main.storyboard;
			sourceTree = "<group>";
		};
		DEA3D8B11C6E721B000A718F /* LaunchScreen.storyboard */ = {
			isa = PBXVariantGroup;
			children = (
				DEA3D8B21C6E721B000A718F /* Base */,
			);
			name = LaunchScreen.storyboard;
			sourceTree = "<group>";
		};
/* End PBXVariantGroup section */

/* Begin XCBuildConfiguration section */
		DEA3D8CB1C6E721B000A718F /* Debug */ = {
			isa = XCBuildConfiguration;
			buildSettings = {
				ALWAYS_SEARCH_USER_PATHS = NO;
				CLANG_CXX_LANGUAGE_STANDARD = "gnu++0x";
				CLANG_CXX_LIBRARY = "libc++";
				CLANG_ENABLE_MODULES = YES;
				CLANG_ENABLE_OBJC_ARC = YES;
				CLANG_WARN_BOOL_CONVERSION = YES;
				CLANG_WARN_CONSTANT_CONVERSION = YES;
				CLANG_WARN_DIRECT_OBJC_ISA_USAGE = YES_ERROR;
				CLANG_WARN_EMPTY_BODY = YES;
				CLANG_WARN_ENUM_CONVERSION = YES;
				CLANG_WARN_INT_CONVERSION = YES;
				CLANG_WARN_OBJC_ROOT_CLASS = YES_ERROR;
				CLANG_WARN_UNREACHABLE_CODE = YES;
				CLANG_WARN__DUPLICATE_METHOD_MATCH = YES;
				"CODE_SIGN_IDENTITY[sdk=iphoneos*]" = "iPhone Developer";
				COPY_PHASE_STRIP = NO;
				DEBUG_INFORMATION_FORMAT = dwarf;
				ENABLE_STRICT_OBJC_MSGSEND = YES;
				ENABLE_TESTABILITY = YES;
				GCC_C_LANGUAGE_STANDARD = gnu99;
				GCC_DYNAMIC_NO_PIC = NO;
				GCC_NO_COMMON_BLOCKS = YES;
				GCC_OPTIMIZATION_LEVEL = 0;
				GCC_PREPROCESSOR_DEFINITIONS = (
					"DEBUG=1",
					"$(inherited)",
				);
				GCC_WARN_64_TO_32_BIT_CONVERSION = YES;
				GCC_WARN_ABOUT_RETURN_TYPE = YES_ERROR;
				GCC_WARN_UNDECLARED_SELECTOR = YES;
				GCC_WARN_UNINITIALIZED_AUTOS = YES_AGGRESSIVE;
				GCC_WARN_UNUSED_FUNCTION = YES;
				GCC_WARN_UNUSED_VARIABLE = YES;
				IPHONEOS_DEPLOYMENT_TARGET = 9.2;
				MTL_ENABLE_DEBUG_INFO = YES;
				ONLY_ACTIVE_ARCH = YES;
				SDKROOT = iphoneos;
				SWIFT_OPTIMIZATION_LEVEL = "-Onone";
				TARGETED_DEVICE_FAMILY = "1,2";
			};
			name = Debug;
		};
		DEA3D8CC1C6E721B000A718F /* Release */ = {
			isa = XCBuildConfiguration;
			buildSettings = {
				ALWAYS_SEARCH_USER_PATHS = NO;
				CLANG_CXX_LANGUAGE_STANDARD = "gnu++0x";
				CLANG_CXX_LIBRARY = "libc++";
				CLANG_ENABLE_MODULES = YES;
				CLANG_ENABLE_OBJC_ARC = YES;
				CLANG_WARN_BOOL_CONVERSION = YES;
				CLANG_WARN_CONSTANT_CONVERSION = YES;
				CLANG_WARN_DIRECT_OBJC_ISA_USAGE = YES_ERROR;
				CLANG_WARN_EMPTY_BODY = YES;
				CLANG_WARN_ENUM_CONVERSION = YES;
				CLANG_WARN_INT_CONVERSION = YES;
				CLANG_WARN_OBJC_ROOT_CLASS = YES_ERROR;
				CLANG_WARN_UNREACHABLE_CODE = YES;
				CLANG_WARN__DUPLICATE_METHOD_MATCH = YES;
				"CODE_SIGN_IDENTITY[sdk=iphoneos*]" = "iPhone Developer";
				COPY_PHASE_STRIP = NO;
				DEBUG_INFORMATION_FORMAT = "dwarf-with-dsym";
				ENABLE_NS_ASSERTIONS = NO;
				ENABLE_STRICT_OBJC_MSGSEND = YES;
				GCC_C_LANGUAGE_STANDARD = gnu99;
				GCC_NO_COMMON_BLOCKS = YES;
				GCC_WARN_64_TO_32_BIT_CONVERSION = YES;
				GCC_WARN_ABOUT_RETURN_TYPE = YES_ERROR;
				GCC_WARN_UNDECLARED_SELECTOR = YES;
				GCC_WARN_UNINITIALIZED_AUTOS = YES_AGGRESSIVE;
				GCC_WARN_UNUSED_FUNCTION = YES;
				GCC_WARN_UNUSED_VARIABLE = YES;
				IPHONEOS_DEPLOYMENT_TARGET = 9.2;
				MTL_ENABLE_DEBUG_INFO = NO;
				SDKROOT = iphoneos;
				TARGETED_DEVICE_FAMILY = "1,2";
				VALIDATE_PRODUCT = YES;
			};
			name = Release;
		};
		DEA3D8CE1C6E721B000A718F /* Debug */ = {
			isa = XCBuildConfiguration;
			buildSettings = {
				ASSETCATALOG_COMPILER_APPICON_NAME = AppIcon;
				INFOPLIST_FILE = test/Info.plist;
				LD_RUNPATH_SEARCH_PATHS = "$(inherited) @executable_path/Frameworks";
				PRODUCT_BUNDLE_IDENTIFIER = com.ruihuang.test;
				PRODUCT_NAME = "$(TARGET_NAME)";
			};
			name = Debug;
		};
		DEA3D8CF1C6E721B000A718F /* Release */ = {
			isa = XCBuildConfiguration;
			buildSettings = {
				ASSETCATALOG_COMPILER_APPICON_NAME = AppIcon;
				INFOPLIST_FILE = test/Info.plist;
				LD_RUNPATH_SEARCH_PATHS = "$(inherited) @executable_path/Frameworks";
				PRODUCT_BUNDLE_IDENTIFIER = com.ruihuang.test;
				PRODUCT_NAME = "$(TARGET_NAME)";
			};
			name = Release;
		};
		DEA3D8D11C6E721B000A718F /* Debug */ = {
			isa = XCBuildConfiguration;
			buildSettings = {
				BUNDLE_LOADER = "$(TEST_HOST)";
				INFOPLIST_FILE = testTests/Info.plist;
				LD_RUNPATH_SEARCH_PATHS = "$(inherited) @executable_path/Frameworks @loader_path/Frameworks";
				PRODUCT_BUNDLE_IDENTIFIER = com.ruihuang.testTests;
				PRODUCT_NAME = "$(TARGET_NAME)";
				TEST_HOST = "$(BUILT_PRODUCTS_DIR)/test.app/test";
			};
			name = Debug;
		};
		DEA3D8D21C6E721B000A718F /* Release */ = {
			isa = XCBuildConfiguration;
			buildSettings = {
				BUNDLE_LOADER = "$(TEST_HOST)";
				INFOPLIST_FILE = testTests/Info.plist;
				LD_RUNPATH_SEARCH_PATHS = "$(inherited) @executable_path/Frameworks @loader_path/Frameworks";
				PRODUCT_BUNDLE_IDENTIFIER = com.ruihuang.testTests;
				PRODUCT_NAME = "$(TARGET_NAME)";
				TEST_HOST = "$(BUILT_PRODUCTS_DIR)/test.app/test";
			};
			name = Release;
		};
		DEA3D8D41C6E721B000A718F /* Debug */ = {
			isa = XCBuildConfiguration;
			buildSettings = {
				INFOPLIST_FILE = testUITests/Info.plist;
				LD_RUNPATH_SEARCH_PATHS = "$(inherited) @executable_path/Frameworks @loader_path/Frameworks";
				PRODUCT_BUNDLE_IDENTIFIER = com.ruihuang.testUITests;
				PRODUCT_NAME = "$(TARGET_NAME)";
				TEST_TARGET_NAME = test;
				USES_XCTRUNNER = YES;
			};
			name = Debug;
		};
		DEA3D8D51C6E721B000A718F /* Release */ = {
			isa = XCBuildConfiguration;
			buildSettings = {
				INFOPLIST_FILE = testUITests/Info.plist;
				LD_RUNPATH_SEARCH_PATHS = "$(inherited) @executable_path/Frameworks @loader_path/Frameworks";
				PRODUCT_BUNDLE_IDENTIFIER = com.ruihuang.testUITests;
				PRODUCT_NAME = "$(TARGET_NAME)";
				TEST_TARGET_NAME = test;
				USES_XCTRUNNER = YES;
			};
			name = Release;
		};
/* End XCBuildConfiguration section */

/* Begin XCConfigurationList section */
		DEA3D8A01C6E721B000A718F /* Build configuration list for PBXProject "test" */ = {
			isa = XCConfigurationList;
			buildConfigurations = (
				DEA3D8CB1C6E721B000A718F /* Debug */,
				DEA3D8CC1C6E721B000A718F /* Release */,
			);
			defaultConfigurationIsVisible = 0;
			defaultConfigurationName = Release;
		};
		DEA3D8CD1C6E721B000A718F /* Build configuration list for PBXNativeTarget "test" */ = {
			isa = XCConfigurationList;
			buildConfigurations = (
				DEA3D8CE1C6E721B000A718F /* Debug */,
				DEA3D8CF1C6E721B000A718F /* Release */,
			);
			defaultConfigurationIsVisible = 0;
		};
		DEA3D8D01C6E721B000A718F /* Build configuration list for PBXNativeTarget "testTests" */ = {
			isa = XCConfigurationList;
			buildConfigurations = (
				DEA3D8D11C6E721B000A718F /* Debug */,
				DEA3D8D21C6E721B000A718F /* Release */,
			);
			defaultConfigurationIsVisible = 0;
		};
		DEA3D8D31C6E721B000A718F /* Build configuration list for PBXNativeTarget "testUITests" */ = {
			isa = XCConfigurationList;
			buildConfigurations = (
				DEA3D8D41C6E721B000A718F /* Debug */,
				DEA3D8D51C6E721B000A718F /* Release */,
			);
			defaultConfigurationIsVisible = 0;
		};
/* End XCConfigurationList section */
	};
	rootObject = DEA3D89D1C6E721B000A718F /* Project object */;
}
